
Microsoft Visual Studio Solution File, Format Version 12.00
# Visual Studio Version 17
VisualStudioVersion = 17.9.34728.123
MinimumVisualStudioVersion = 10.0.40219.1
Project("{9A19103F-16F7-4668-BE54-9A1E7A4F7556}") = "Cofidis.MicroCreditApi.Core.Application", "Cofidis.MicroCreditApi.Core.Application\Cofidis.MicroCreditApi.Core.Application.csproj", "{FE945EDF-693A-4901-9E29-16E350815E7F}"
EndProject
Project("{9A19103F-16F7-4668-BE54-9A1E7A4F7556}") = "Cofidis.MicroCreditApi.Infra.ExternalApi", "Cofidis.MicroCreditApi.Infra.ExternalApi\Cofidis.MicroCreditApi.Infra.ExternalApi.csproj", "{25E1A4D1-937A-4F5C-9157-0A06C3ADE98E}"
EndProject
Project("{9A19103F-16F7-4668-BE54-9A1E7A4F7556}") = "Cofidis.MicroCreditApi.WebApi", "Cofidis.MicroCreditApi.WebApi\Cofidis.MicroCreditApi.WebApi.csproj", "{DF6B222D-100E-472A-9B0B-BA289FB9537E}"
EndProject
Project("{FAE04EC0-301F-11D3-BF4B-00C04F79EFBC}") = "Cofidis.MicroCreditApi.Core.Domain", "Cofidis.MicroCreditApi.Core.Domain\Cofidis.MicroCreditApi.Core.Domain.csproj", "{50C2A302-E1FD-40BC-BA89-2AC44B61CE0F}"
EndProject
Project("{FAE04EC0-301F-11D3-BF4B-00C04F79EFBC}") = "Cofidis.MicroCreditApi.Infra.Repository", "Cofidis.MicroCreditApi.Infra.Repository\Cofidis.MicroCreditApi.Infra.Repository.csproj", "{B6F28CC9-D90E-4659-9060-D516FFF32025}"
EndProject
Global
	GlobalSection(SolutionConfigurationPlatforms) = preSolution
		Debug|Any CPU = Debug|Any CPU
		Release|Any CPU = Release|Any CPU
	EndGlobalSection
	GlobalSection(ProjectConfigurationPlatforms) = postSolution
		{FE945EDF-693A-4901-9E29-16E350815E7F}.Debug|Any CPU.ActiveCfg = Debug|Any CPU
		{FE945EDF-693A-4901-9E29-16E350815E7F}.Debug|Any CPU.Build.0 = Debug|Any CPU
		{FE945EDF-693A-4901-9E29-16E350815E7F}.Release|Any CPU.ActiveCfg = Release|Any CPU
		{FE945EDF-693A-4901-9E29-16E350815E7F}.Release|Any CPU.Build.0 = Release|Any CPU
		{25E1A4D1-937A-4F5C-9157-0A06C3ADE98E}.Debug|Any CPU.ActiveCfg = Debug|Any CPU
		{25E1A4D1-937A-4F5C-9157-0A06C3ADE98E}.Debug|Any CPU.Build.0 = Debug|Any CPU
		{25E1A4D1-937A-4F5C-9157-0A06C3ADE98E}.Release|Any CPU.ActiveCfg = Release|Any CPU
		{25E1A4D1-937A-4F5C-9157-0A06C3ADE98E}.Release|Any CPU.Build.0 = Release|Any CPU
		{DF6B222D-100E-472A-9B0B-BA289FB9537E}.Debug|Any CPU.ActiveCfg = Debug|Any CPU
		{DF6B222D-100E-472A-9B0B-BA289FB9537E}.Debug|Any CPU.Build.0 = Debug|Any CPU
		{DF6B222D-100E-472A-9B0B-BA289FB9537E}.Release|Any CPU.ActiveCfg = Release|Any CPU
		{DF6B222D-100E-472A-9B0B-BA289FB9537E}.Release|Any CPU.Build.0 = Release|Any CPU
		{50C2A302-E1FD-40BC-BA89-2AC44B61CE0F}.Debug|Any CPU.ActiveCfg = Debug|Any CPU
		{50C2A302-E1FD-40BC-BA89-2AC44B61CE0F}.Debug|Any CPU.Build.0 = Debug|Any CPU
		{50C2A302-E1FD-40BC-BA89-2AC44B61CE0F}.Release|Any CPU.ActiveCfg = Release|Any CPU
		{50C2A302-E1FD-40BC-BA89-2AC44B61CE0F}.Release|Any CPU.Build.0 = Release|Any CPU
		{B6F28CC9-D90E-4659-9060-D516FFF32025}.Debug|Any CPU.ActiveCfg = Debug|Any CPU
		{B6F28CC9-D90E-4659-9060-D516FFF32025}.Debug|Any CPU.Build.0 = Debug|Any CPU
		{B6F28CC9-D90E-4659-9060-D516FFF32025}.Release|Any CPU.ActiveCfg = Release|Any CPU
		{B6F28CC9-D90E-4659-9060-D516FFF32025}.Release|Any CPU.Build.0 = Release|Any CPU
	EndGlobalSection
	GlobalSection(SolutionProperties) = preSolution
		HideSolutionNode = FALSE
	EndGlobalSection
	GlobalSection(ExtensibilityGlobals) = postSolution
		SolutionGuid = {BB982440-EA39-4DD5-9BFF-0EE38A7195E7}
	EndGlobalSection
EndGlobal
